
Microsoft Visual Studio Solution File, Format Version 12.00
# Visual Studio Version 17
VisualStudioVersion = 17.10.35004.147
MinimumVisualStudioVersion = 10.0.40219.1
Project("{9A19103F-16F7-4668-BE54-9A1E7A4F7556}") = "lesson2", "lesson2\lesson2.csproj", "{AD80C1EF-8348-4083-99C1-1ED7ED0FFFF4}"
EndProject
Project("{FAE04EC0-301F-11D3-BF4B-00C04F79EFBC}") = "tasks", "tasks\tasks.csproj", "{3C6BD97C-B1FC-4E3D-A1B6-E2C687C999A4}"
EndProject
Global
	GlobalSection(SolutionConfigurationPlatforms) = preSolution
		Debug|Any CPU = Debug|Any CPU
		Release|Any CPU = Release|Any CPU
	EndGlobalSection
	GlobalSection(ProjectConfigurationPlatforms) = postSolution
		{AD80C1EF-8348-4083-99C1-1ED7ED0FFFF4}.Debug|Any CPU.ActiveCfg = Debug|Any CPU
		{AD80C1EF-8348-4083-99C1-1ED7ED0FFFF4}.Debug|Any CPU.Build.0 = Debug|Any CPU
		{AD80C1EF-8348-4083-99C1-1ED7ED0FFFF4}.Release|Any CPU.ActiveCfg = Release|Any CPU
		{AD80C1EF-8348-4083-99C1-1ED7ED0FFFF4}.Release|Any CPU.Build.0 = Release|Any CPU
		{3C6BD97C-B1FC-4E3D-A1B6-E2C687C999A4}.Debug|Any CPU.ActiveCfg = Debug|Any CPU
		{3C6BD97C-B1FC-4E3D-A1B6-E2C687C999A4}.Debug|Any CPU.Build.0 = Debug|Any CPU
		{3C6BD97C-B1FC-4E3D-A1B6-E2C687C999A4}.Release|Any CPU.ActiveCfg = Release|Any CPU
		{3C6BD97C-B1FC-4E3D-A1B6-E2C687C999A4}.Release|Any CPU.Build.0 = Release|Any CPU
	EndGlobalSection
	GlobalSection(SolutionProperties) = preSolution
		HideSolutionNode = FALSE
	EndGlobalSection
	GlobalSection(ExtensibilityGlobals) = postSolution
		SolutionGuid = {FA3C8170-35BC-4E5F-81DD-4A01CCC1D901}
	EndGlobalSection
EndGlobal
